
Microsoft Visual Studio Solution File, Format Version 12.00
# Visual Studio Version 17
VisualStudioVersion = 17.9.34728.123
MinimumVisualStudioVersion = 10.0.40219.1
Project("{FAE04EC0-301F-11D3-BF4B-00C04F79EFBC}") = "01csharpegitimkampi", "01csharpegitimkampi\01csharpegitimkampi.csproj", "{7AC2EA37-54A6-47C5-B5C2-22CA6D5F52B9}"
EndProject
Project("{FAE04EC0-301F-11D3-BF4B-00C04F79EFBC}") = "KAMPDERSI2", "KAMPDERSI2\KAMPDERSI2.csproj", "{3FD4EEE6-6153-47BD-A909-CC91EADBDECE}"
EndProject
Project("{FAE04EC0-301F-11D3-BF4B-00C04F79EFBC}") = "KAMPDERSI3", "KAMPDERSI3\KAMPDERSI3.csproj", "{FDF6A350-F673-44D8-9CAE-C4F6A5D0BA46}"
EndProject
Project("{FAE04EC0-301F-11D3-BF4B-00C04F79EFBC}") = "KAMPDERSI4", "KAMPDERSI4\KAMPDERSI4.csproj", "{1950CC6F-3B8E-4D7A-A699-0E10B46D33AA}"
EndProject
Project("{FAE04EC0-301F-11D3-BF4B-00C04F79EFBC}") = "KAMPDERSI5", "KAMPDERSI5\KAMPDERSI5.csproj", "{97C01DE9-F894-444D-806F-2B73B02D6C5F}"
EndProject
Global
	GlobalSection(SolutionConfigurationPlatforms) = preSolution
		Debug|Any CPU = Debug|Any CPU
		Release|Any CPU = Release|Any CPU
	EndGlobalSection
	GlobalSection(ProjectConfigurationPlatforms) = postSolution
		{7AC2EA37-54A6-47C5-B5C2-22CA6D5F52B9}.Debug|Any CPU.ActiveCfg = Debug|Any CPU
		{7AC2EA37-54A6-47C5-B5C2-22CA6D5F52B9}.Debug|Any CPU.Build.0 = Debug|Any CPU
		{7AC2EA37-54A6-47C5-B5C2-22CA6D5F52B9}.Release|Any CPU.ActiveCfg = Release|Any CPU
		{7AC2EA37-54A6-47C5-B5C2-22CA6D5F52B9}.Release|Any CPU.Build.0 = Release|Any CPU
		{3FD4EEE6-6153-47BD-A909-CC91EADBDECE}.Debug|Any CPU.ActiveCfg = Debug|Any CPU
		{3FD4EEE6-6153-47BD-A909-CC91EADBDECE}.Debug|Any CPU.Build.0 = Debug|Any CPU
		{3FD4EEE6-6153-47BD-A909-CC91EADBDECE}.Release|Any CPU.ActiveCfg = Release|Any CPU
		{3FD4EEE6-6153-47BD-A909-CC91EADBDECE}.Release|Any CPU.Build.0 = Release|Any CPU
		{FDF6A350-F673-44D8-9CAE-C4F6A5D0BA46}.Debug|Any CPU.ActiveCfg = Debug|Any CPU
		{FDF6A350-F673-44D8-9CAE-C4F6A5D0BA46}.Debug|Any CPU.Build.0 = Debug|Any CPU
		{FDF6A350-F673-44D8-9CAE-C4F6A5D0BA46}.Release|Any CPU.ActiveCfg = Release|Any CPU
		{FDF6A350-F673-44D8-9CAE-C4F6A5D0BA46}.Release|Any CPU.Build.0 = Release|Any CPU
		{1950CC6F-3B8E-4D7A-A699-0E10B46D33AA}.Debug|Any CPU.ActiveCfg = Debug|Any CPU
		{1950CC6F-3B8E-4D7A-A699-0E10B46D33AA}.Debug|Any CPU.Build.0 = Debug|Any CPU
		{1950CC6F-3B8E-4D7A-A699-0E10B46D33AA}.Release|Any CPU.ActiveCfg = Release|Any CPU
		{1950CC6F-3B8E-4D7A-A699-0E10B46D33AA}.Release|Any CPU.Build.0 = Release|Any CPU
		{97C01DE9-F894-444D-806F-2B73B02D6C5F}.Debug|Any CPU.ActiveCfg = Debug|Any CPU
		{97C01DE9-F894-444D-806F-2B73B02D6C5F}.Debug|Any CPU.Build.0 = Debug|Any CPU
		{97C01DE9-F894-444D-806F-2B73B02D6C5F}.Release|Any CPU.ActiveCfg = Release|Any CPU
		{97C01DE9-F894-444D-806F-2B73B02D6C5F}.Release|Any CPU.Build.0 = Release|Any CPU
	EndGlobalSection
	GlobalSection(SolutionProperties) = preSolution
		HideSolutionNode = FALSE
	EndGlobalSection
	GlobalSection(ExtensibilityGlobals) = postSolution
		SolutionGuid = {F9047412-B01C-46B4-95D5-D6281CB6AC26}
	EndGlobalSection
EndGlobal
